
Microsoft Visual Studio Solution File, Format Version 12.00
# Visual Studio Version 16
VisualStudioVersion = 16.0.32106.194
MinimumVisualStudioVersion = 10.0.40219.1
Project("{FAE04EC0-301F-11D3-BF4B-00C04F79EFBC}") = "ATMWPF", "ATMWPF\ATMWPF.csproj", "{A3CF966D-1710-40CF-A8C8-F02A5044AF4E}"
EndProject
Global
	GlobalSection(SolutionConfigurationPlatforms) = preSolution
		Debug|Any CPU = Debug|Any CPU
		Release|Any CPU = Release|Any CPU
	EndGlobalSection
	GlobalSection(ProjectConfigurationPlatforms) = postSolution
		{A3CF966D-1710-40CF-A8C8-F02A5044AF4E}.Debug|Any CPU.ActiveCfg = Debug|Any CPU
		{A3CF966D-1710-40CF-A8C8-F02A5044AF4E}.Debug|Any CPU.Build.0 = Debug|Any CPU
		{A3CF966D-1710-40CF-A8C8-F02A5044AF4E}.Release|Any CPU.ActiveCfg = Release|Any CPU
		{A3CF966D-1710-40CF-A8C8-F02A5044AF4E}.Release|Any CPU.Build.0 = Release|Any CPU
	EndGlobalSection
	GlobalSection(SolutionProperties) = preSolution
		HideSolutionNode = FALSE
	EndGlobalSection
	GlobalSection(ExtensibilityGlobals) = postSolution
		SolutionGuid = {EE3C9015-6FBD-4BAC-834F-935E44CDAD8D}
	EndGlobalSection
EndGlobal
